// !$*UTF8*$!
{
	archiveVersion = 1;
	classes = {
	};
	objectVersion = 50;
	objects = {

/* Begin PBXBuildFile section */
		F4DADE7E2295177500832103 /* AppDelegate.swift in Sources */ = {isa = PBXBuildFile; fileRef = F4DADE7D2295177500832103 /* AppDelegate.swift */; };
		F4DADE802295177500832103 /* ViewController.swift in Sources */ = {isa = PBXBuildFile; fileRef = F4DADE7F2295177500832103 /* ViewController.swift */; };
		F4DADE832295177500832103 /* Main.storyboard in Resources */ = {isa = PBXBuildFile; fileRef = F4DADE812295177500832103 /* Main.storyboard */; };
		F4DADE852295177700832103 /* Assets.xcassets in Resources */ = {isa = PBXBuildFile; fileRef = F4DADE842295177700832103 /* Assets.xcassets */; };
		F4DADE882295177700832103 /* LaunchScreen.storyboard in Resources */ = {isa = PBXBuildFile; fileRef = F4DADE862295177700832103 /* LaunchScreen.storyboard */; };
		F4DADE90229517F800832103 /* MainTBC.swift in Sources */ = {isa = PBXBuildFile; fileRef = F4DADE8F229517F800832103 /* MainTBC.swift */; };
		F4DADE92229533D900832103 /* SwiftyTabBarTransitionOptions.swift in Sources */ = {isa = PBXBuildFile; fileRef = F4DADE91229533D900832103 /* SwiftyTabBarTransitionOptions.swift */; };
		F4DADE96229549D100832103 /* LeftToRight.swift in Sources */ = {isa = PBXBuildFile; fileRef = F4DADE95229549D100832103 /* LeftToRight.swift */; };
		F4DADE9A22954BB400832103 /* SwiftyTabBarTransition.swift in Sources */ = {isa = PBXBuildFile; fileRef = F4DADE9922954BB400832103 /* SwiftyTabBarTransition.swift */; };
		F4DADE9D2295500C00832103 /* SwiftyAnimateTransition.swift in Sources */ = {isa = PBXBuildFile; fileRef = F4DADE9C2295500C00832103 /* SwiftyAnimateTransition.swift */; };
		F4DADEA0229550FC00832103 /* SwiftyAnimation.swift in Sources */ = {isa = PBXBuildFile; fileRef = F4DADE9F229550FC00832103 /* SwiftyAnimation.swift */; };
/* End PBXBuildFile section */

/* Begin PBXFileReference section */
		F4DADE7A2295177500832103 /* UITabBarController Transition Animation.app */ = {isa = PBXFileReference; explicitFileType = wrapper.application; includeInIndex = 0; path = "UITabBarController Transition Animation.app"; sourceTree = BUILT_PRODUCTS_DIR; };
		F4DADE7D2295177500832103 /* AppDelegate.swift */ = {isa = PBXFileReference; lastKnownFileType = sourcecode.swift; path = AppDelegate.swift; sourceTree = "<group>"; };
		F4DADE7F2295177500832103 /* ViewController.swift */ = {isa = PBXFileReference; lastKnownFileType = sourcecode.swift; path = ViewController.swift; sourceTree = "<group>"; };
		F4DADE822295177500832103 /* Base */ = {isa = PBXFileReference; lastKnownFileType = file.storyboard; name = Base; path = Base.lproj/Main.storyboard; sourceTree = "<group>"; };
		F4DADE842295177700832103 /* Assets.xcassets */ = {isa = PBXFileReference; lastKnownFileType = folder.assetcatalog; path = Assets.xcassets; sourceTree = "<group>"; };
		F4DADE872295177700832103 /* Base */ = {isa = PBXFileReference; lastKnownFileType = file.storyboard; name = Base; path = Base.lproj/LaunchScreen.storyboard; sourceTree = "<group>"; };
		F4DADE892295177700832103 /* Info.plist */ = {isa = PBXFileReference; lastKnownFileType = text.plist.xml; path = Info.plist; sourceTree = "<group>"; };
		F4DADE8F229517F800832103 /* MainTBC.swift */ = {isa = PBXFileReference; lastKnownFileType = sourcecode.swift; path = MainTBC.swift; sourceTree = "<group>"; };
		F4DADE91229533D900832103 /* SwiftyTabBarTransitionOptions.swift */ = {isa = PBXFileReference; lastKnownFileType = sourcecode.swift; path = SwiftyTabBarTransitionOptions.swift; sourceTree = "<group>"; };
		F4DADE95229549D100832103 /* LeftToRight.swift */ = {isa = PBXFileReference; lastKnownFileType = sourcecode.swift; path = LeftToRight.swift; sourceTree = "<group>"; };
		F4DADE9922954BB400832103 /* SwiftyTabBarTransition.swift */ = {isa = PBXFileReference; lastKnownFileType = sourcecode.swift; path = SwiftyTabBarTransition.swift; sourceTree = "<group>"; };
		F4DADE9C2295500C00832103 /* SwiftyAnimateTransition.swift */ = {isa = PBXFileReference; lastKnownFileType = sourcecode.swift; path = SwiftyAnimateTransition.swift; sourceTree = "<group>"; };
		F4DADE9F229550FC00832103 /* SwiftyAnimation.swift */ = {isa = PBXFileReference; lastKnownFileType = sourcecode.swift; path = SwiftyAnimation.swift; sourceTree = "<group>"; };
/* End PBXFileReference section */

/* Begin PBXFrameworksBuildPhase section */
		F4DADE772295177500832103 /* Frameworks */ = {
			isa = PBXFrameworksBuildPhase;
			buildActionMask = 2147483647;
			files = (
			);
			runOnlyForDeploymentPostprocessing = 0;
		};
/* End PBXFrameworksBuildPhase section */

/* Begin PBXGroup section */
		F4DADE712295177500832103 = {
			isa = PBXGroup;
			children = (
				F4DADE7C2295177500832103 /* UITabBarController Transition Animation */,
				F4DADE7B2295177500832103 /* Products */,
			);
			sourceTree = "<group>";
		};
		F4DADE7B2295177500832103 /* Products */ = {
			isa = PBXGroup;
			children = (
				F4DADE7A2295177500832103 /* UITabBarController Transition Animation.app */,
			);
			name = Products;
			sourceTree = "<group>";
		};
		F4DADE7C2295177500832103 /* UITabBarController Transition Animation */ = {
			isa = PBXGroup;
			children = (
				F4DADE9E229550E500832103 /* Interface */,
				F4DADE9B22954C0B00832103 /* Model */,
				F4DADE9822954BA100832103 /* Factory */,
				F4DADE93229536BB00832103 /* Animations */,
				F4DADE7D2295177500832103 /* AppDelegate.swift */,
				F4DADE7F2295177500832103 /* ViewController.swift */,
				F4DADE8F229517F800832103 /* MainTBC.swift */,
				F4DADE812295177500832103 /* Main.storyboard */,
				F4DADE842295177700832103 /* Assets.xcassets */,
				F4DADE862295177700832103 /* LaunchScreen.storyboard */,
				F4DADE892295177700832103 /* Info.plist */,
			);
			path = "UITabBarController Transition Animation";
			sourceTree = "<group>";
		};
		F4DADE93229536BB00832103 /* Animations */ = {
			isa = PBXGroup;
			children = (
				F4DADE95229549D100832103 /* LeftToRight.swift */,
			);
			path = Animations;
			sourceTree = "<group>";
		};
		F4DADE9822954BA100832103 /* Factory */ = {
			isa = PBXGroup;
			children = (
				F4DADE9922954BB400832103 /* SwiftyTabBarTransition.swift */,
			);
			path = Factory;
			sourceTree = "<group>";
		};
		F4DADE9B22954C0B00832103 /* Model */ = {
			isa = PBXGroup;
			children = (
				F4DADE91229533D900832103 /* SwiftyTabBarTransitionOptions.swift */,
				F4DADE9C2295500C00832103 /* SwiftyAnimateTransition.swift */,
			);
			path = Model;
			sourceTree = "<group>";
		};
		F4DADE9E229550E500832103 /* Interface */ = {
			isa = PBXGroup;
			children = (
				F4DADE9F229550FC00832103 /* SwiftyAnimation.swift */,
			);
			path = Interface;
			sourceTree = "<group>";
		};
/* End PBXGroup section */

/* Begin PBXNativeTarget section */
		F4DADE792295177500832103 /* UITabBarController Transition Animation */ = {
			isa = PBXNativeTarget;
			buildConfigurationList = F4DADE8C2295177700832103 /* Build configuration list for PBXNativeTarget "UITabBarController Transition Animation" */;
			buildPhases = (
				F4DADE762295177500832103 /* Sources */,
				F4DADE772295177500832103 /* Frameworks */,
				F4DADE782295177500832103 /* Resources */,
			);
			buildRules = (
			);
			dependencies = (
			);
			name = "UITabBarController Transition Animation";
			productName = "UITabBarController Transition Animation";
			productReference = F4DADE7A2295177500832103 /* UITabBarController Transition Animation.app */;
			productType = "com.apple.product-type.application";
		};
/* End PBXNativeTarget section */

/* Begin PBXProject section */
		F4DADE722295177500832103 /* Project object */ = {
			isa = PBXProject;
			attributes = {
				LastSwiftUpdateCheck = 1010;
				LastUpgradeCheck = 1010;
				ORGANIZATIONNAME = shndrs;
				TargetAttributes = {
					F4DADE792295177500832103 = {
						CreatedOnToolsVersion = 10.1;
					};
				};
			};
			buildConfigurationList = F4DADE752295177500832103 /* Build configuration list for PBXProject "UITabBarController Transition Animation" */;
			compatibilityVersion = "Xcode 9.3";
			developmentRegion = en;
			hasScannedForEncodings = 0;
			knownRegions = (
				en,
				Base,
			);
			mainGroup = F4DADE712295177500832103;
			productRefGroup = F4DADE7B2295177500832103 /* Products */;
			projectDirPath = "";
			projectRoot = "";
			targets = (
				F4DADE792295177500832103 /* UITabBarController Transition Animation */,
			);
		};
/* End PBXProject section */

/* Begin PBXResourcesBuildPhase section */
		F4DADE782295177500832103 /* Resources */ = {
			isa = PBXResourcesBuildPhase;
			buildActionMask = 2147483647;
			files = (
				F4DADE882295177700832103 /* LaunchScreen.storyboard in Resources */,
				F4DADE852295177700832103 /* Assets.xcassets in Resources */,
				F4DADE832295177500832103 /* Main.storyboard in Resources */,
			);
			runOnlyForDeploymentPostprocessing = 0;
		};
/* End PBXResourcesBuildPhase section */

/* Begin PBXSourcesBuildPhase section */
		F4DADE762295177500832103 /* Sources */ = {
			isa = PBXSourcesBuildPhase;
			buildActionMask = 2147483647;
			files = (
				F4DADE96229549D100832103 /* LeftToRight.swift in Sources */,
				F4DADE802295177500832103 /* ViewController.swift in Sources */,
				F4DADE9A22954BB400832103 /* SwiftyTabBarTransition.swift in Sources */,
				F4DADE7E2295177500832103 /* AppDelegate.swift in Sources */,
				F4DADE9D2295500C00832103 /* SwiftyAnimateTransition.swift in Sources */,
				F4DADE90229517F800832103 /* MainTBC.swift in Sources */,
				F4DADEA0229550FC00832103 /* SwiftyAnimation.swift in Sources */,
				F4DADE92229533D900832103 /* SwiftyTabBarTransitionOptions.swift in Sources */,
			);
			runOnlyForDeploymentPostprocessing = 0;
		};
/* End PBXSourcesBuildPhase section */

/* Begin PBXVariantGroup section */
		F4DADE812295177500832103 /* Main.storyboard */ = {
			isa = PBXVariantGroup;
			children = (
				F4DADE822295177500832103 /* Base */,
			);
			name = Main.storyboard;
			sourceTree = "<group>";
		};
		F4DADE862295177700832103 /* LaunchScreen.storyboard */ = {
			isa = PBXVariantGroup;
			children = (
				F4DADE872295177700832103 /* Base */,
			);
			name = LaunchScreen.storyboard;
			sourceTree = "<group>";
		};
/* End PBXVariantGroup section */

/* Begin XCBuildConfiguration section */
		F4DADE8A2295177700832103 /* Debug */ = {
			isa = XCBuildConfiguration;
			buildSettings = {
				ALWAYS_SEARCH_USER_PATHS = NO;
				CLANG_ANALYZER_NONNULL = YES;
				CLANG_ANALYZER_NUMBER_OBJECT_CONVERSION = YES_AGGRESSIVE;
				CLANG_CXX_LANGUAGE_STANDARD = "gnu++14";
				CLANG_CXX_LIBRARY = "libc++";
				CLANG_ENABLE_MODULES = YES;
				CLANG_ENABLE_OBJC_ARC = YES;
				CLANG_ENABLE_OBJC_WEAK = YES;
				CLANG_WARN_BLOCK_CAPTURE_AUTORELEASING = YES;
				CLANG_WARN_BOOL_CONVERSION = YES;
				CLANG_WARN_COMMA = YES;
				CLANG_WARN_CONSTANT_CONVERSION = YES;
				CLANG_WARN_DEPRECATED_OBJC_IMPLEMENTATIONS = YES;
				CLANG_WARN_DIRECT_OBJC_ISA_USAGE = YES_ERROR;
				CLANG_WARN_DOCUMENTATION_COMMENTS = YES;
				CLANG_WARN_EMPTY_BODY = YES;
				CLANG_WARN_ENUM_CONVERSION = YES;
				CLANG_WARN_INFINITE_RECURSION = YES;
				CLANG_WARN_INT_CONVERSION = YES;
				CLANG_WARN_NON_LITERAL_NULL_CONVERSION = YES;
				CLANG_WARN_OBJC_IMPLICIT_RETAIN_SELF = YES;
				CLANG_WARN_OBJC_LITERAL_CONVERSION = YES;
				CLANG_WARN_OBJC_ROOT_CLASS = YES_ERROR;
				CLANG_WARN_RANGE_LOOP_ANALYSIS = YES;
				CLANG_WARN_STRICT_PROTOTYPES = YES;
				CLANG_WARN_SUSPICIOUS_MOVE = YES;
				CLANG_WARN_UNGUARDED_AVAILABILITY = YES_AGGRESSIVE;
				CLANG_WARN_UNREACHABLE_CODE = YES;
				CLANG_WARN__DUPLICATE_METHOD_MATCH = YES;
				CODE_SIGN_IDENTITY = "iPhone Developer";
				COPY_PHASE_STRIP = NO;
				DEBUG_INFORMATION_FORMAT = dwarf;
				ENABLE_STRICT_OBJC_MSGSEND = YES;
				ENABLE_TESTABILITY = YES;
				GCC_C_LANGUAGE_STANDARD = gnu11;
				GCC_DYNAMIC_NO_PIC = NO;
				GCC_NO_COMMON_BLOCKS = YES;
				GCC_OPTIMIZATION_LEVEL = 0;
				GCC_PREPROCESSOR_DEFINITIONS = (
					"DEBUG=1",
					"$(inherited)",
				);
				GCC_WARN_64_TO_32_BIT_CONVERSION = YES;
				GCC_WARN_ABOUT_RETURN_TYPE = YES_ERROR;
				GCC_WARN_UNDECLARED_SELECTOR = YES;
				GCC_WARN_UNINITIALIZED_AUTOS = YES_AGGRESSIVE;
				GCC_WARN_UNUSED_FUNCTION = YES;
				GCC_WARN_UNUSED_VARIABLE = YES;
				IPHONEOS_DEPLOYMENT_TARGET = 12.1;
				MTL_ENABLE_DEBUG_INFO = INCLUDE_SOURCE;
				MTL_FAST_MATH = YES;
				ONLY_ACTIVE_ARCH = YES;
				SDKROOT = iphoneos;
				SWIFT_ACTIVE_COMPILATION_CONDITIONS = DEBUG;
				SWIFT_OPTIMIZATION_LEVEL = "-Onone";
			};
			name = Debug;
		};
		F4DADE8B2295177700832103 /* Release */ = {
			isa = XCBuildConfiguration;
			buildSettings = {
				ALWAYS_SEARCH_USER_PATHS = NO;
				CLANG_ANALYZER_NONNULL = YES;
				CLANG_ANALYZER_NUMBER_OBJECT_CONVERSION = YES_AGGRESSIVE;
				CLANG_CXX_LANGUAGE_STANDARD = "gnu++14";
				CLANG_CXX_LIBRARY = "libc++";
				CLANG_ENABLE_MODULES = YES;
				CLANG_ENABLE_OBJC_ARC = YES;
				CLANG_ENABLE_OBJC_WEAK = YES;
				CLANG_WARN_BLOCK_CAPTURE_AUTORELEASING = YES;
				CLANG_WARN_BOOL_CONVERSION = YES;
				CLANG_WARN_COMMA = YES;
				CLANG_WARN_CONSTANT_CONVERSION = YES;
				CLANG_WARN_DEPRECATED_OBJC_IMPLEMENTATIONS = YES;
				CLANG_WARN_DIRECT_OBJC_ISA_USAGE = YES_ERROR;
				CLANG_WARN_DOCUMENTATION_COMMENTS = YES;
				CLANG_WARN_EMPTY_BODY = YES;
				CLANG_WARN_ENUM_CONVERSION = YES;
				CLANG_WARN_INFINITE_RECURSION = YES;
				CLANG_WARN_INT_CONVERSION = YES;
				CLANG_WARN_NON_LITERAL_NULL_CONVERSION = YES;
				CLANG_WARN_OBJC_IMPLICIT_RETAIN_SELF = YES;
				CLANG_WARN_OBJC_LITERAL_CONVERSION = YES;
				CLANG_WARN_OBJC_ROOT_CLASS = YES_ERROR;
				CLANG_WARN_RANGE_LOOP_ANALYSIS = YES;
				CLANG_WARN_STRICT_PROTOTYPES = YES;
				CLANG_WARN_SUSPICIOUS_MOVE = YES;
				CLANG_WARN_UNGUARDED_AVAILABILITY = YES_AGGRESSIVE;
				CLANG_WARN_UNREACHABLE_CODE = YES;
				CLANG_WARN__DUPLICATE_METHOD_MATCH = YES;
				CODE_SIGN_IDENTITY = "iPhone Developer";
				COPY_PHASE_STRIP = NO;
				DEBUG_INFORMATION_FORMAT = "dwarf-with-dsym";
				ENABLE_NS_ASSERTIONS = NO;
				ENABLE_STRICT_OBJC_MSGSEND = YES;
				GCC_C_LANGUAGE_STANDARD = gnu11;
				GCC_NO_COMMON_BLOCKS = YES;
				GCC_WARN_64_TO_32_BIT_CONVERSION = YES;
				GCC_WARN_ABOUT_RETURN_TYPE = YES_ERROR;
				GCC_WARN_UNDECLARED_SELECTOR = YES;
				GCC_WARN_UNINITIALIZED_AUTOS = YES_AGGRESSIVE;
				GCC_WARN_UNUSED_FUNCTION = YES;
				GCC_WARN_UNUSED_VARIABLE = YES;
				IPHONEOS_DEPLOYMENT_TARGET = 12.1;
				MTL_ENABLE_DEBUG_INFO = NO;
				MTL_FAST_MATH = YES;
				SDKROOT = iphoneos;
				SWIFT_COMPILATION_MODE = wholemodule;
				SWIFT_OPTIMIZATION_LEVEL = "-O";
				VALIDATE_PRODUCT = YES;
			};
			name = Release;
		};
		F4DADE8D2295177700832103 /* Debug */ = {
			isa = XCBuildConfiguration;
			buildSettings = {
				ASSETCATALOG_COMPILER_APPICON_NAME = AppIcon;
				CODE_SIGN_STYLE = Automatic;
				DEVELOPMENT_TEAM = KRGCDU34JU;
				INFOPLIST_FILE = "UITabBarController Transition Animation/Info.plist";
				LD_RUNPATH_SEARCH_PATHS = (
					"$(inherited)",
					"@executable_path/Frameworks",
				);
				PRODUCT_BUNDLE_IDENTIFIER = "shndrs.UITabBarController-Transition-Animation";
				PRODUCT_NAME = "$(TARGET_NAME)";
				SWIFT_VERSION = 4.2;
				TARGETED_DEVICE_FAMILY = "1,2";
			};
			name = Debug;
		};
		F4DADE8E2295177700832103 /* Release */ = {
			isa = XCBuildConfiguration;
			buildSettings = {
				ASSETCATALOG_COMPILER_APPICON_NAME = AppIcon;
				CODE_SIGN_STYLE = Automatic;
				DEVELOPMENT_TEAM = KRGCDU34JU;
				INFOPLIST_FILE = "UITabBarController Transition Animation/Info.plist";
				LD_RUNPATH_SEARCH_PATHS = (
					"$(inherited)",
					"@executable_path/Frameworks",
				);
				PRODUCT_BUNDLE_IDENTIFIER = "shndrs.UITabBarController-Transition-Animation";
				PRODUCT_NAME = "$(TARGET_NAME)";
				SWIFT_VERSION = 4.2;
				TARGETED_DEVICE_FAMILY = "1,2";
			};
			name = Release;
		};
/* End XCBuildConfiguration section */

/* Begin XCConfigurationList section */
		F4DADE752295177500832103 /* Build configuration list for PBXProject "UITabBarController Transition Animation" */ = {
			isa = XCConfigurationList;
			buildConfigurations = (
				F4DADE8A2295177700832103 /* Debug */,
				F4DADE8B2295177700832103 /* Release */,
			);
			defaultConfigurationIsVisible = 0;
			defaultConfigurationName = Release;
		};
		F4DADE8C2295177700832103 /* Build configuration list for PBXNativeTarget "UITabBarController Transition Animation" */ = {
			isa = XCConfigurationList;
			buildConfigurations = (
				F4DADE8D2295177700832103 /* Debug */,
				F4DADE8E2295177700832103 /* Release */,
			);
			defaultConfigurationIsVisible = 0;
			defaultConfigurationName = Release;
		};
/* End XCConfigurationList section */
	};
	rootObject = F4DADE722295177500832103 /* Project object */;
}
